
Microsoft Visual Studio Solution File, Format Version 12.00
Project("{FAE04EC0-301F-11D3-BF4B-00C04F79EFBC}") = "TradingBot", "TradingBot\TradingBot.csproj", "{A3BA319F-D871-4CE3-936E-0551BF4F7BAC}"
EndProject
Global
	GlobalSection(SolutionConfigurationPlatforms) = preSolution
		Debug|Any CPU = Debug|Any CPU
		Release|Any CPU = Release|Any CPU
	EndGlobalSection
	GlobalSection(ProjectConfigurationPlatforms) = postSolution
		{A3BA319F-D871-4CE3-936E-0551BF4F7BAC}.Debug|Any CPU.ActiveCfg = Debug|Any CPU
		{A3BA319F-D871-4CE3-936E-0551BF4F7BAC}.Debug|Any CPU.Build.0 = Debug|Any CPU
		{A3BA319F-D871-4CE3-936E-0551BF4F7BAC}.Release|Any CPU.ActiveCfg = Release|Any CPU
		{A3BA319F-D871-4CE3-936E-0551BF4F7BAC}.Release|Any CPU.Build.0 = Release|Any CPU
	EndGlobalSection
EndGlobal
